
Microsoft Visual Studio Solution File, Format Version 12.00
# Visual Studio 15
VisualStudioVersion = 15.0.27428.2037
MinimumVisualStudioVersion = 10.0.40219.1
Project("{FAE04EC0-301F-11D3-BF4B-00C04F79EFBC}") = "XamarinFormsCSS.Android", "XamarinFormsCSS\XamarinFormsCSS.Android\XamarinFormsCSS.Android.csproj", "{15E9005A-D6E0-4B8A-8DDF-BF2DF9DA4E1F}"
EndProject
Project("{FAE04EC0-301F-11D3-BF4B-00C04F79EFBC}") = "XamarinFormsCSS.iOS", "XamarinFormsCSS\XamarinFormsCSS.iOS\XamarinFormsCSS.iOS.csproj", "{D5B9AF08-596E-4F41-8B1E-82B86C77FEF0}"
EndProject
Project("{FAE04EC0-301F-11D3-BF4B-00C04F79EFBC}") = "XamarinFormsCSS.UWP", "XamarinFormsCSS\XamarinFormsCSS.UWP\XamarinFormsCSS.UWP.csproj", "{80E4FD20-ED8D-4174-8EC6-66E68C5C84FA}"
EndProject
Project("{FAE04EC0-301F-11D3-BF4B-00C04F79EFBC}") = "XamarinFormsCSS", "XamarinFormsCSS\XamarinFormsCSS\XamarinFormsCSS.csproj", "{08B9C25F-D5DD-4C52-9D1F-614D4EA55511}"
EndProject
Global
	GlobalSection(SolutionConfigurationPlatforms) = preSolution
		Ad-Hoc|Any CPU = Ad-Hoc|Any CPU
		Ad-Hoc|ARM = Ad-Hoc|ARM
		Ad-Hoc|iPhone = Ad-Hoc|iPhone
		Ad-Hoc|iPhoneSimulator = Ad-Hoc|iPhoneSimulator
		Ad-Hoc|x64 = Ad-Hoc|x64
		Ad-Hoc|x86 = Ad-Hoc|x86
		AppStore|Any CPU = AppStore|Any CPU
		AppStore|ARM = AppStore|ARM
		AppStore|iPhone = AppStore|iPhone
		AppStore|iPhoneSimulator = AppStore|iPhoneSimulator
		AppStore|x64 = AppStore|x64
		AppStore|x86 = AppStore|x86
		Debug|Any CPU = Debug|Any CPU
		Debug|ARM = Debug|ARM
		Debug|iPhone = Debug|iPhone
		Debug|iPhoneSimulator = Debug|iPhoneSimulator
		Debug|x64 = Debug|x64
		Debug|x86 = Debug|x86
		Release|Any CPU = Release|Any CPU
		Release|ARM = Release|ARM
		Release|iPhone = Release|iPhone
		Release|iPhoneSimulator = Release|iPhoneSimulator
		Release|x64 = Release|x64
		Release|x86 = Release|x86
	EndGlobalSection
	GlobalSection(ProjectConfigurationPlatforms) = postSolution
		{15E9005A-D6E0-4B8A-8DDF-BF2DF9DA4E1F}.Ad-Hoc|Any CPU.ActiveCfg = Release|Any CPU
		{15E9005A-D6E0-4B8A-8DDF-BF2DF9DA4E1F}.Ad-Hoc|Any CPU.Build.0 = Release|Any CPU
		{15E9005A-D6E0-4B8A-8DDF-BF2DF9DA4E1F}.Ad-Hoc|Any CPU.Deploy.0 = Release|Any CPU
		{15E9005A-D6E0-4B8A-8DDF-BF2DF9DA4E1F}.Ad-Hoc|ARM.ActiveCfg = Release|Any CPU
		{15E9005A-D6E0-4B8A-8DDF-BF2DF9DA4E1F}.Ad-Hoc|ARM.Build.0 = Release|Any CPU
		{15E9005A-D6E0-4B8A-8DDF-BF2DF9DA4E1F}.Ad-Hoc|ARM.Deploy.0 = Release|Any CPU
		{15E9005A-D6E0-4B8A-8DDF-BF2DF9DA4E1F}.Ad-Hoc|iPhone.ActiveCfg = Release|Any CPU
		{15E9005A-D6E0-4B8A-8DDF-BF2DF9DA4E1F}.Ad-Hoc|iPhone.Build.0 = Release|Any CPU
		{15E9005A-D6E0-4B8A-8DDF-BF2DF9DA4E1F}.Ad-Hoc|iPhone.Deploy.0 = Release|Any CPU
		{15E9005A-D6E0-4B8A-8DDF-BF2DF9DA4E1F}.Ad-Hoc|iPhoneSimulator.ActiveCfg = Release|Any CPU
		{15E9005A-D6E0-4B8A-8DDF-BF2DF9DA4E1F}.Ad-Hoc|iPhoneSimulator.Build.0 = Release|Any CPU
		{15E9005A-D6E0-4B8A-8DDF-BF2DF9DA4E1F}.Ad-Hoc|iPhoneSimulator.Deploy.0 = Release|Any CPU
		{15E9005A-D6E0-4B8A-8DDF-BF2DF9DA4E1F}.Ad-Hoc|x64.ActiveCfg = Release|Any CPU
		{15E9005A-D6E0-4B8A-8DDF-BF2DF9DA4E1F}.Ad-Hoc|x64.Build.0 = Release|Any CPU
		{15E9005A-D6E0-4B8A-8DDF-BF2DF9DA4E1F}.Ad-Hoc|x64.Deploy.0 = Release|Any CPU
		{15E9005A-D6E0-4B8A-8DDF-BF2DF9DA4E1F}.Ad-Hoc|x86.ActiveCfg = Release|Any CPU
		{15E9005A-D6E0-4B8A-8DDF-BF2DF9DA4E1F}.Ad-Hoc|x86.Build.0 = Release|Any CPU
		{15E9005A-D6E0-4B8A-8DDF-BF2DF9DA4E1F}.Ad-Hoc|x86.Deploy.0 = Release|Any CPU
		{15E9005A-D6E0-4B8A-8DDF-BF2DF9DA4E1F}.AppStore|Any CPU.ActiveCfg = Release|Any CPU
		{15E9005A-D6E0-4B8A-8DDF-BF2DF9DA4E1F}.AppStore|Any CPU.Build.0 = Release|Any CPU
		{15E9005A-D6E0-4B8A-8DDF-BF2DF9DA4E1F}.AppStore|Any CPU.Deploy.0 = Release|Any CPU
		{15E9005A-D6E0-4B8A-8DDF-BF2DF9DA4E1F}.AppStore|ARM.ActiveCfg = Release|Any CPU
		{15E9005A-D6E0-4B8A-8DDF-BF2DF9DA4E1F}.AppStore|ARM.Build.0 = Release|Any CPU
		{15E9005A-D6E0-4B8A-8DDF-BF2DF9DA4E1F}.AppStore|ARM.Deploy.0 = Release|Any CPU
		{15E9005A-D6E0-4B8A-8DDF-BF2DF9DA4E1F}.AppStore|iPhone.ActiveCfg = Release|Any CPU
		{15E9005A-D6E0-4B8A-8DDF-BF2DF9DA4E1F}.AppStore|iPhone.Build.0 = Release|Any CPU
		{15E9005A-D6E0-4B8A-8DDF-BF2DF9DA4E1F}.AppStore|iPhone.Deploy.0 = Release|Any CPU
		{15E9005A-D6E0-4B8A-8DDF-BF2DF9DA4E1F}.AppStore|iPhoneSimulator.ActiveCfg = Release|Any CPU
		{15E9005A-D6E0-4B8A-8DDF-BF2DF9DA4E1F}.AppStore|iPhoneSimulator.Build.0 = Release|Any CPU
		{15E9005A-D6E0-4B8A-8DDF-BF2DF9DA4E1F}.AppStore|iPhoneSimulator.Deploy.0 = Release|Any CPU
		{15E9005A-D6E0-4B8A-8DDF-BF2DF9DA4E1F}.AppStore|x64.ActiveCfg = Release|Any CPU
		{15E9005A-D6E0-4B8A-8DDF-BF2DF9DA4E1F}.AppStore|x64.Build.0 = Release|Any CPU
		{15E9005A-D6E0-4B8A-8DDF-BF2DF9DA4E1F}.AppStore|x64.Deploy.0 = Release|Any CPU
		{15E9005A-D6E0-4B8A-8DDF-BF2DF9DA4E1F}.AppStore|x86.ActiveCfg = Release|Any CPU
		{15E9005A-D6E0-4B8A-8DDF-BF2DF9DA4E1F}.AppStore|x86.Build.0 = Release|Any CPU
		{15E9005A-D6E0-4B8A-8DDF-BF2DF9DA4E1F}.AppStore|x86.Deploy.0 = Release|Any CPU
		{15E9005A-D6E0-4B8A-8DDF-BF2DF9DA4E1F}.Debug|Any CPU.ActiveCfg = Debug|Any CPU
		{15E9005A-D6E0-4B8A-8DDF-BF2DF9DA4E1F}.Debug|Any CPU.Build.0 = Debug|Any CPU
		{15E9005A-D6E0-4B8A-8DDF-BF2DF9DA4E1F}.Debug|Any CPU.Deploy.0 = Debug|Any CPU
		{15E9005A-D6E0-4B8A-8DDF-BF2DF9DA4E1F}.Debug|ARM.ActiveCfg = Debug|Any CPU
		{15E9005A-D6E0-4B8A-8DDF-BF2DF9DA4E1F}.Debug|ARM.Build.0 = Debug|Any CPU
		{15E9005A-D6E0-4B8A-8DDF-BF2DF9DA4E1F}.Debug|ARM.Deploy.0 = Debug|Any CPU
		{15E9005A-D6E0-4B8A-8DDF-BF2DF9DA4E1F}.Debug|iPhone.ActiveCfg = Debug|Any CPU
		{15E9005A-D6E0-4B8A-8DDF-BF2DF9DA4E1F}.Debug|iPhone.Build.0 = Debug|Any CPU
		{15E9005A-D6E0-4B8A-8DDF-BF2DF9DA4E1F}.Debug|iPhone.Deploy.0 = Debug|Any CPU
		{15E9005A-D6E0-4B8A-8DDF-BF2DF9DA4E1F}.Debug|iPhoneSimulator.ActiveCfg = Debug|Any CPU
		{15E9005A-D6E0-4B8A-8DDF-BF2DF9DA4E1F}.Debug|iPhoneSimulator.Build.0 = Debug|Any CPU
		{15E9005A-D6E0-4B8A-8DDF-BF2DF9DA4E1F}.Debug|iPhoneSimulator.Deploy.0 = Debug|Any CPU
		{15E9005A-D6E0-4B8A-8DDF-BF2DF9DA4E1F}.Debug|x64.ActiveCfg = Debug|Any CPU
		{15E9005A-D6E0-4B8A-8DDF-BF2DF9DA4E1F}.Debug|x64.Build.0 = Debug|Any CPU
		{15E9005A-D6E0-4B8A-8DDF-BF2DF9DA4E1F}.Debug|x64.Deploy.0 = Debug|Any CPU
		{15E9005A-D6E0-4B8A-8DDF-BF2DF9DA4E1F}.Debug|x86.ActiveCfg = Debug|Any CPU
		{15E9005A-D6E0-4B8A-8DDF-BF2DF9DA4E1F}.Debug|x86.Build.0 = Debug|Any CPU
		{15E9005A-D6E0-4B8A-8DDF-BF2DF9DA4E1F}.Debug|x86.Deploy.0 = Debug|Any CPU
		{15E9005A-D6E0-4B8A-8DDF-BF2DF9DA4E1F}.Release|Any CPU.ActiveCfg = Release|Any CPU
		{15E9005A-D6E0-4B8A-8DDF-BF2DF9DA4E1F}.Release|Any CPU.Build.0 = Release|Any CPU
		{15E9005A-D6E0-4B8A-8DDF-BF2DF9DA4E1F}.Release|Any CPU.Deploy.0 = Release|Any CPU
		{15E9005A-D6E0-4B8A-8DDF-BF2DF9DA4E1F}.Release|ARM.ActiveCfg = Release|Any CPU
		{15E9005A-D6E0-4B8A-8DDF-BF2DF9DA4E1F}.Release|ARM.Build.0 = Release|Any CPU
		{15E9005A-D6E0-4B8A-8DDF-BF2DF9DA4E1F}.Release|ARM.Deploy.0 = Release|Any CPU
		{15E9005A-D6E0-4B8A-8DDF-BF2DF9DA4E1F}.Release|iPhone.ActiveCfg = Release|Any CPU
		{15E9005A-D6E0-4B8A-8DDF-BF2DF9DA4E1F}.Release|iPhone.Build.0 = Release|Any CPU
		{15E9005A-D6E0-4B8A-8DDF-BF2DF9DA4E1F}.Release|iPhone.Deploy.0 = Release|Any CPU
		{15E9005A-D6E0-4B8A-8DDF-BF2DF9DA4E1F}.Release|iPhoneSimulator.ActiveCfg = Release|Any CPU
		{15E9005A-D6E0-4B8A-8DDF-BF2DF9DA4E1F}.Release|iPhoneSimulator.Build.0 = Release|Any CPU
		{15E9005A-D6E0-4B8A-8DDF-BF2DF9DA4E1F}.Release|iPhoneSimulator.Deploy.0 = Release|Any CPU
		{15E9005A-D6E0-4B8A-8DDF-BF2DF9DA4E1F}.Release|x64.ActiveCfg = Release|Any CPU
		{15E9005A-D6E0-4B8A-8DDF-BF2DF9DA4E1F}.Release|x64.Build.0 = Release|Any CPU
		{15E9005A-D6E0-4B8A-8DDF-BF2DF9DA4E1F}.Release|x64.Deploy.0 = Release|Any CPU
		{15E9005A-D6E0-4B8A-8DDF-BF2DF9DA4E1F}.Release|x86.ActiveCfg = Release|Any CPU
		{15E9005A-D6E0-4B8A-8DDF-BF2DF9DA4E1F}.Release|x86.Build.0 = Release|Any CPU
		{15E9005A-D6E0-4B8A-8DDF-BF2DF9DA4E1F}.Release|x86.Deploy.0 = Release|Any CPU
		{D5B9AF08-596E-4F41-8B1E-82B86C77FEF0}.Ad-Hoc|Any CPU.ActiveCfg = Ad-Hoc|iPhone
		{D5B9AF08-596E-4F41-8B1E-82B86C77FEF0}.Ad-Hoc|ARM.ActiveCfg = Ad-Hoc|iPhone
		{D5B9AF08-596E-4F41-8B1E-82B86C77FEF0}.Ad-Hoc|iPhone.ActiveCfg = Ad-Hoc|iPhone
		{D5B9AF08-596E-4F41-8B1E-82B86C77FEF0}.Ad-Hoc|iPhone.Build.0 = Ad-Hoc|iPhone
		{D5B9AF08-596E-4F41-8B1E-82B86C77FEF0}.Ad-Hoc|iPhoneSimulator.ActiveCfg = Ad-Hoc|iPhoneSimulator
		{D5B9AF08-596E-4F41-8B1E-82B86C77FEF0}.Ad-Hoc|iPhoneSimulator.Build.0 = Ad-Hoc|iPhoneSimulator
		{D5B9AF08-596E-4F41-8B1E-82B86C77FEF0}.Ad-Hoc|x64.ActiveCfg = Ad-Hoc|iPhone
		{D5B9AF08-596E-4F41-8B1E-82B86C77FEF0}.Ad-Hoc|x86.ActiveCfg = Ad-Hoc|iPhone
		{D5B9AF08-596E-4F41-8B1E-82B86C77FEF0}.AppStore|Any CPU.ActiveCfg = AppStore|iPhone
		{D5B9AF08-596E-4F41-8B1E-82B86C77FEF0}.AppStore|ARM.ActiveCfg = AppStore|iPhone
		{D5B9AF08-596E-4F41-8B1E-82B86C77FEF0}.AppStore|iPhone.ActiveCfg = AppStore|iPhone
		{D5B9AF08-596E-4F41-8B1E-82B86C77FEF0}.AppStore|iPhone.Build.0 = AppStore|iPhone
		{D5B9AF08-596E-4F41-8B1E-82B86C77FEF0}.AppStore|iPhoneSimulator.ActiveCfg = AppStore|iPhoneSimulator
		{D5B9AF08-596E-4F41-8B1E-82B86C77FEF0}.AppStore|iPhoneSimulator.Build.0 = AppStore|iPhoneSimulator
		{D5B9AF08-596E-4F41-8B1E-82B86C77FEF0}.AppStore|x64.ActiveCfg = AppStore|iPhone
		{D5B9AF08-596E-4F41-8B1E-82B86C77FEF0}.AppStore|x86.ActiveCfg = AppStore|iPhone
		{D5B9AF08-596E-4F41-8B1E-82B86C77FEF0}.Debug|Any CPU.ActiveCfg = Debug|iPhone
		{D5B9AF08-596E-4F41-8B1E-82B86C77FEF0}.Debug|ARM.ActiveCfg = Debug|iPhone
		{D5B9AF08-596E-4F41-8B1E-82B86C77FEF0}.Debug|iPhone.ActiveCfg = Debug|iPhone
		{D5B9AF08-596E-4F41-8B1E-82B86C77FEF0}.Debug|iPhone.Build.0 = Debug|iPhone
		{D5B9AF08-596E-4F41-8B1E-82B86C77FEF0}.Debug|iPhoneSimulator.ActiveCfg = Debug|iPhoneSimulator
		{D5B9AF08-596E-4F41-8B1E-82B86C77FEF0}.Debug|iPhoneSimulator.Build.0 = Debug|iPhoneSimulator
		{D5B9AF08-596E-4F41-8B1E-82B86C77FEF0}.Debug|x64.ActiveCfg = Debug|iPhone
		{D5B9AF08-596E-4F41-8B1E-82B86C77FEF0}.Debug|x86.ActiveCfg = Debug|iPhone
		{D5B9AF08-596E-4F41-8B1E-82B86C77FEF0}.Release|Any CPU.ActiveCfg = Release|iPhone
		{D5B9AF08-596E-4F41-8B1E-82B86C77FEF0}.Release|ARM.ActiveCfg = Release|iPhone
		{D5B9AF08-596E-4F41-8B1E-82B86C77FEF0}.Release|iPhone.ActiveCfg = Release|iPhone
		{D5B9AF08-596E-4F41-8B1E-82B86C77FEF0}.Release|iPhone.Build.0 = Release|iPhone
		{D5B9AF08-596E-4F41-8B1E-82B86C77FEF0}.Release|iPhoneSimulator.ActiveCfg = Release|iPhoneSimulator
		{D5B9AF08-596E-4F41-8B1E-82B86C77FEF0}.Release|iPhoneSimulator.Build.0 = Release|iPhoneSimulator
		{D5B9AF08-596E-4F41-8B1E-82B86C77FEF0}.Release|x64.ActiveCfg = Release|iPhone
		{D5B9AF08-596E-4F41-8B1E-82B86C77FEF0}.Release|x86.ActiveCfg = Release|iPhone
		{80E4FD20-ED8D-4174-8EC6-66E68C5C84FA}.Ad-Hoc|Any CPU.ActiveCfg = Release|x86
		{80E4FD20-ED8D-4174-8EC6-66E68C5C84FA}.Ad-Hoc|Any CPU.Build.0 = Release|x86
		{80E4FD20-ED8D-4174-8EC6-66E68C5C84FA}.Ad-Hoc|Any CPU.Deploy.0 = Release|x86
		{80E4FD20-ED8D-4174-8EC6-66E68C5C84FA}.Ad-Hoc|ARM.ActiveCfg = Release|ARM
		{80E4FD20-ED8D-4174-8EC6-66E68C5C84FA}.Ad-Hoc|ARM.Build.0 = Release|ARM
		{80E4FD20-ED8D-4174-8EC6-66E68C5C84FA}.Ad-Hoc|ARM.Deploy.0 = Release|ARM
		{80E4FD20-ED8D-4174-8EC6-66E68C5C84FA}.Ad-Hoc|iPhone.ActiveCfg = Release|x86
		{80E4FD20-ED8D-4174-8EC6-66E68C5C84FA}.Ad-Hoc|iPhone.Build.0 = Release|x86
		{80E4FD20-ED8D-4174-8EC6-66E68C5C84FA}.Ad-Hoc|iPhone.Deploy.0 = Release|x86
		{80E4FD20-ED8D-4174-8EC6-66E68C5C84FA}.Ad-Hoc|iPhoneSimulator.ActiveCfg = Release|x86
		{80E4FD20-ED8D-4174-8EC6-66E68C5C84FA}.Ad-Hoc|iPhoneSimulator.Build.0 = Release|x86
		{80E4FD20-ED8D-4174-8EC6-66E68C5C84FA}.Ad-Hoc|iPhoneSimulator.Deploy.0 = Release|x86
		{80E4FD20-ED8D-4174-8EC6-66E68C5C84FA}.Ad-Hoc|x64.ActiveCfg = Release|x64
		{80E4FD20-ED8D-4174-8EC6-66E68C5C84FA}.Ad-Hoc|x64.Build.0 = Release|x64
		{80E4FD20-ED8D-4174-8EC6-66E68C5C84FA}.Ad-Hoc|x64.Deploy.0 = Release|x64
		{80E4FD20-ED8D-4174-8EC6-66E68C5C84FA}.Ad-Hoc|x86.ActiveCfg = Release|x86
		{80E4FD20-ED8D-4174-8EC6-66E68C5C84FA}.Ad-Hoc|x86.Build.0 = Release|x86
		{80E4FD20-ED8D-4174-8EC6-66E68C5C84FA}.Ad-Hoc|x86.Deploy.0 = Release|x86
		{80E4FD20-ED8D-4174-8EC6-66E68C5C84FA}.AppStore|Any CPU.ActiveCfg = Release|x86
		{80E4FD20-ED8D-4174-8EC6-66E68C5C84FA}.AppStore|Any CPU.Build.0 = Release|x86
		{80E4FD20-ED8D-4174-8EC6-66E68C5C84FA}.AppStore|Any CPU.Deploy.0 = Release|x86
		{80E4FD20-ED8D-4174-8EC6-66E68C5C84FA}.AppStore|ARM.ActiveCfg = Release|ARM
		{80E4FD20-ED8D-4174-8EC6-66E68C5C84FA}.AppStore|ARM.Build.0 = Release|ARM
		{80E4FD20-ED8D-4174-8EC6-66E68C5C84FA}.AppStore|ARM.Deploy.0 = Release|ARM
		{80E4FD20-ED8D-4174-8EC6-66E68C5C84FA}.AppStore|iPhone.ActiveCfg = Release|x86
		{80E4FD20-ED8D-4174-8EC6-66E68C5C84FA}.AppStore|iPhone.Build.0 = Release|x86
		{80E4FD20-ED8D-4174-8EC6-66E68C5C84FA}.AppStore|iPhone.Deploy.0 = Release|x86
		{80E4FD20-ED8D-4174-8EC6-66E68C5C84FA}.AppStore|iPhoneSimulator.ActiveCfg = Release|x86
		{80E4FD20-ED8D-4174-8EC6-66E68C5C84FA}.AppStore|iPhoneSimulator.Build.0 = Release|x86
		{80E4FD20-ED8D-4174-8EC6-66E68C5C84FA}.AppStore|iPhoneSimulator.Deploy.0 = Release|x86
		{80E4FD20-ED8D-4174-8EC6-66E68C5C84FA}.AppStore|x64.ActiveCfg = Release|x64
		{80E4FD20-ED8D-4174-8EC6-66E68C5C84FA}.AppStore|x64.Build.0 = Release|x64
		{80E4FD20-ED8D-4174-8EC6-66E68C5C84FA}.AppStore|x64.Deploy.0 = Release|x64
		{80E4FD20-ED8D-4174-8EC6-66E68C5C84FA}.AppStore|x86.ActiveCfg = Release|x86
		{80E4FD20-ED8D-4174-8EC6-66E68C5C84FA}.AppStore|x86.Build.0 = Release|x86
		{80E4FD20-ED8D-4174-8EC6-66E68C5C84FA}.AppStore|x86.Deploy.0 = Release|x86
		{80E4FD20-ED8D-4174-8EC6-66E68C5C84FA}.Debug|Any CPU.ActiveCfg = Debug|x86
		{80E4FD20-ED8D-4174-8EC6-66E68C5C84FA}.Debug|ARM.ActiveCfg = Debug|ARM
		{80E4FD20-ED8D-4174-8EC6-66E68C5C84FA}.Debug|ARM.Build.0 = Debug|ARM
		{80E4FD20-ED8D-4174-8EC6-66E68C5C84FA}.Debug|ARM.Deploy.0 = Debug|ARM
		{80E4FD20-ED8D-4174-8EC6-66E68C5C84FA}.Debug|iPhone.ActiveCfg = Debug|x86
		{80E4FD20-ED8D-4174-8EC6-66E68C5C84FA}.Debug|iPhoneSimulator.ActiveCfg = Debug|x86
		{80E4FD20-ED8D-4174-8EC6-66E68C5C84FA}.Debug|x64.ActiveCfg = Debug|x64
		{80E4FD20-ED8D-4174-8EC6-66E68C5C84FA}.Debug|x64.Build.0 = Debug|x64
		{80E4FD20-ED8D-4174-8EC6-66E68C5C84FA}.Debug|x64.Deploy.0 = Debug|x64
		{80E4FD20-ED8D-4174-8EC6-66E68C5C84FA}.Debug|x86.ActiveCfg = Debug|x86
		{80E4FD20-ED8D-4174-8EC6-66E68C5C84FA}.Debug|x86.Build.0 = Debug|x86
		{80E4FD20-ED8D-4174-8EC6-66E68C5C84FA}.Debug|x86.Deploy.0 = Debug|x86
		{80E4FD20-ED8D-4174-8EC6-66E68C5C84FA}.Release|Any CPU.ActiveCfg = Release|x86
		{80E4FD20-ED8D-4174-8EC6-66E68C5C84FA}.Release|ARM.ActiveCfg = Release|ARM
		{80E4FD20-ED8D-4174-8EC6-66E68C5C84FA}.Release|ARM.Build.0 = Release|ARM
		{80E4FD20-ED8D-4174-8EC6-66E68C5C84FA}.Release|ARM.Deploy.0 = Release|ARM
		{80E4FD20-ED8D-4174-8EC6-66E68C5C84FA}.Release|iPhone.ActiveCfg = Release|x86
		{80E4FD20-ED8D-4174-8EC6-66E68C5C84FA}.Release|iPhoneSimulator.ActiveCfg = Release|x86
		{80E4FD20-ED8D-4174-8EC6-66E68C5C84FA}.Release|x64.ActiveCfg = Release|x64
		{80E4FD20-ED8D-4174-8EC6-66E68C5C84FA}.Release|x64.Build.0 = Release|x64
		{80E4FD20-ED8D-4174-8EC6-66E68C5C84FA}.Release|x64.Deploy.0 = Release|x64
		{80E4FD20-ED8D-4174-8EC6-66E68C5C84FA}.Release|x86.ActiveCfg = Release|x86
		{80E4FD20-ED8D-4174-8EC6-66E68C5C84FA}.Release|x86.Build.0 = Release|x86
		{80E4FD20-ED8D-4174-8EC6-66E68C5C84FA}.Release|x86.Deploy.0 = Release|x86
		{08B9C25F-D5DD-4C52-9D1F-614D4EA55511}.Ad-Hoc|Any CPU.ActiveCfg = Debug|Any CPU
		{08B9C25F-D5DD-4C52-9D1F-614D4EA55511}.Ad-Hoc|Any CPU.Build.0 = Debug|Any CPU
		{08B9C25F-D5DD-4C52-9D1F-614D4EA55511}.Ad-Hoc|ARM.ActiveCfg = Debug|Any CPU
		{08B9C25F-D5DD-4C52-9D1F-614D4EA55511}.Ad-Hoc|ARM.Build.0 = Debug|Any CPU
		{08B9C25F-D5DD-4C52-9D1F-614D4EA55511}.Ad-Hoc|iPhone.ActiveCfg = Debug|Any CPU
		{08B9C25F-D5DD-4C52-9D1F-614D4EA55511}.Ad-Hoc|iPhone.Build.0 = Debug|Any CPU
		{08B9C25F-D5DD-4C52-9D1F-614D4EA55511}.Ad-Hoc|iPhoneSimulator.ActiveCfg = Debug|Any CPU
		{08B9C25F-D5DD-4C52-9D1F-614D4EA55511}.Ad-Hoc|iPhoneSimulator.Build.0 = Debug|Any CPU
		{08B9C25F-D5DD-4C52-9D1F-614D4EA55511}.Ad-Hoc|x64.ActiveCfg = Debug|Any CPU
		{08B9C25F-D5DD-4C52-9D1F-614D4EA55511}.Ad-Hoc|x64.Build.0 = Debug|Any CPU
		{08B9C25F-D5DD-4C52-9D1F-614D4EA55511}.Ad-Hoc|x86.ActiveCfg = Debug|Any CPU
		{08B9C25F-D5DD-4C52-9D1F-614D4EA55511}.Ad-Hoc|x86.Build.0 = Debug|Any CPU
		{08B9C25F-D5DD-4C52-9D1F-614D4EA55511}.AppStore|Any CPU.ActiveCfg = Debug|Any CPU
		{08B9C25F-D5DD-4C52-9D1F-614D4EA55511}.AppStore|Any CPU.Build.0 = Debug|Any CPU
		{08B9C25F-D5DD-4C52-9D1F-614D4EA55511}.AppStore|ARM.ActiveCfg = Debug|Any CPU
		{08B9C25F-D5DD-4C52-9D1F-614D4EA55511}.AppStore|ARM.Build.0 = Debug|Any CPU
		{08B9C25F-D5DD-4C52-9D1F-614D4EA55511}.AppStore|iPhone.ActiveCfg = Debug|Any CPU
		{08B9C25F-D5DD-4C52-9D1F-614D4EA55511}.AppStore|iPhone.Build.0 = Debug|Any CPU
		{08B9C25F-D5DD-4C52-9D1F-614D4EA55511}.AppStore|iPhoneSimulator.ActiveCfg = Debug|Any CPU
		{08B9C25F-D5DD-4C52-9D1F-614D4EA55511}.AppStore|iPhoneSimulator.Build.0 = Debug|Any CPU
		{08B9C25F-D5DD-4C52-9D1F-614D4EA55511}.AppStore|x64.ActiveCfg = Debug|Any CPU
		{08B9C25F-D5DD-4C52-9D1F-614D4EA55511}.AppStore|x64.Build.0 = Debug|Any CPU
		{08B9C25F-D5DD-4C52-9D1F-614D4EA55511}.AppStore|x86.ActiveCfg = Debug|Any CPU
		{08B9C25F-D5DD-4C52-9D1F-614D4EA55511}.AppStore|x86.Build.0 = Debug|Any CPU
		{08B9C25F-D5DD-4C52-9D1F-614D4EA55511}.Debug|Any CPU.ActiveCfg = Debug|Any CPU
		{08B9C25F-D5DD-4C52-9D1F-614D4EA55511}.Debug|Any CPU.Build.0 = Debug|Any CPU
		{08B9C25F-D5DD-4C52-9D1F-614D4EA55511}.Debug|ARM.ActiveCfg = Debug|Any CPU
		{08B9C25F-D5DD-4C52-9D1F-614D4EA55511}.Debug|ARM.Build.0 = Debug|Any CPU
		{08B9C25F-D5DD-4C52-9D1F-614D4EA55511}.Debug|iPhone.ActiveCfg = Debug|Any CPU
		{08B9C25F-D5DD-4C52-9D1F-614D4EA55511}.Debug|iPhone.Build.0 = Debug|Any CPU
		{08B9C25F-D5DD-4C52-9D1F-614D4EA55511}.Debug|iPhoneSimulator.ActiveCfg = Debug|Any CPU
		{08B9C25F-D5DD-4C52-9D1F-614D4EA55511}.Debug|iPhoneSimulator.Build.0 = Debug|Any CPU
		{08B9C25F-D5DD-4C52-9D1F-614D4EA55511}.Debug|x64.ActiveCfg = Debug|Any CPU
		{08B9C25F-D5DD-4C52-9D1F-614D4EA55511}.Debug|x64.Build.0 = Debug|Any CPU
		{08B9C25F-D5DD-4C52-9D1F-614D4EA55511}.Debug|x86.ActiveCfg = Debug|Any CPU
		{08B9C25F-D5DD-4C52-9D1F-614D4EA55511}.Debug|x86.Build.0 = Debug|Any CPU
		{08B9C25F-D5DD-4C52-9D1F-614D4EA55511}.Release|Any CPU.ActiveCfg = Release|Any CPU
		{08B9C25F-D5DD-4C52-9D1F-614D4EA55511}.Release|Any CPU.Build.0 = Release|Any CPU
		{08B9C25F-D5DD-4C52-9D1F-614D4EA55511}.Release|ARM.ActiveCfg = Release|Any CPU
		{08B9C25F-D5DD-4C52-9D1F-614D4EA55511}.Release|ARM.Build.0 = Release|Any CPU
		{08B9C25F-D5DD-4C52-9D1F-614D4EA55511}.Release|iPhone.ActiveCfg = Release|Any CPU
		{08B9C25F-D5DD-4C52-9D1F-614D4EA55511}.Release|iPhone.Build.0 = Release|Any CPU
		{08B9C25F-D5DD-4C52-9D1F-614D4EA55511}.Release|iPhoneSimulator.ActiveCfg = Release|Any CPU
		{08B9C25F-D5DD-4C52-9D1F-614D4EA55511}.Release|iPhoneSimulator.Build.0 = Release|Any CPU
		{08B9C25F-D5DD-4C52-9D1F-614D4EA55511}.Release|x64.ActiveCfg = Release|Any CPU
		{08B9C25F-D5DD-4C52-9D1F-614D4EA55511}.Release|x64.Build.0 = Release|Any CPU
		{08B9C25F-D5DD-4C52-9D1F-614D4EA55511}.Release|x86.ActiveCfg = Release|Any CPU
		{08B9C25F-D5DD-4C52-9D1F-614D4EA55511}.Release|x86.Build.0 = Release|Any CPU
	EndGlobalSection
	GlobalSection(SolutionProperties) = preSolution
		HideSolutionNode = FALSE
	EndGlobalSection
	GlobalSection(ExtensibilityGlobals) = postSolution
		SolutionGuid = {88BC182D-E1BF-49B8-AB24-759206038015}
	EndGlobalSection
EndGlobal
